# This file is automatically @generated by Poetry 1.5.1 and should not be changed by hand.

[[package]]
name = "days"
version = "0.0.3"
description = "shortcuts to get today, yesterday & tommorrow"
optional = false
python-versions = "*"
files = [
    {file = "days-0.0.3.tar.gz", hash = "sha256:e786c64cef91fd2e39c6c6da35162a8eb22e4d6cfbffb98f0b357a10d25a3a14"},
]

[metadata]
lock-version = "2.0"
python-versions = ">=3.10.0,<3.11"
content-hash = "0a7022f1d272abbff8fbaa32d7729c6a63119e4a2533b6bcc96238ad708925f4"
